// !$*UTF8*$!
{
	archiveVersion = 1;
	classes = {
	};
	objectVersion = 56;
	objects = {

/* Begin PBXBuildFile section */
		140C80EF2A6EC6A700467998 /* Pokemon.swift in Sources */ = {isa = PBXBuildFile; fileRef = 140C80EE2A6EC6A700467998 /* Pokemon.swift */; };
		144AA80D2A6F7A71009F5ACF /* PkmnPokemon+Ext.swift in Sources */ = {isa = PBXBuildFile; fileRef = 144AA80C2A6F7A71009F5ACF /* PkmnPokemon+Ext.swift */; };
		145277DD2A6F5D9300F0F02D /* DexCellView.swift in Sources */ = {isa = PBXBuildFile; fileRef = 145277DC2A6F5D9300F0F02D /* DexCellView.swift */; };
		145277DF2A6F5DB600F0F02D /* DexCellView+ViewModel.swift in Sources */ = {isa = PBXBuildFile; fileRef = 145277DE2A6F5DB600F0F02D /* DexCellView+ViewModel.swift */; };
		1458F4752A6EE6F700BBBA18 /* PokemonSpriteView.swift in Sources */ = {isa = PBXBuildFile; fileRef = 1458F4742A6EE6F700BBBA18 /* PokemonSpriteView.swift */; };
		1465C9DD2A78336600B9A59F /* Types.swift in Sources */ = {isa = PBXBuildFile; fileRef = 1465C9DC2A78336600B9A59F /* Types.swift */; };
		14771D5F2A6E329F002C9B3B /* Games.swift in Sources */ = {isa = PBXBuildFile; fileRef = 14771D5E2A6E329F002C9B3B /* Games.swift */; };
		14BB16992A6F4B21000F2A51 /* DexView.swift in Sources */ = {isa = PBXBuildFile; fileRef = 14BB16982A6F4B21000F2A51 /* DexView.swift */; };
		14BB169B2A6F4B32000F2A51 /* DexView+ViewModel.swift in Sources */ = {isa = PBXBuildFile; fileRef = 14BB169A2A6F4B32000F2A51 /* DexView+ViewModel.swift */; };
		14BD05402A6F1F5800187832 /* Nameable+Ext.swift in Sources */ = {isa = PBXBuildFile; fileRef = 14BD053F2A6F1F5800187832 /* Nameable+Ext.swift */; };
		14BD05442A6F215A00187832 /* Pokemon+Stubs.swift in Sources */ = {isa = PBXBuildFile; fileRef = 14BD05432A6F215A00187832 /* Pokemon+Stubs.swift */; };
		14C72B6D2A69D8E5003FA965 /* DexterApp.swift in Sources */ = {isa = PBXBuildFile; fileRef = 14C72B6C2A69D8E5003FA965 /* DexterApp.swift */; };
		14C72B6F2A69D8E5003FA965 /* ContentView.swift in Sources */ = {isa = PBXBuildFile; fileRef = 14C72B6E2A69D8E5003FA965 /* ContentView.swift */; };
		14C72B712A69D8E6003FA965 /* Assets.xcassets in Resources */ = {isa = PBXBuildFile; fileRef = 14C72B702A69D8E6003FA965 /* Assets.xcassets */; };
		14C72B742A69D8E6003FA965 /* Preview Assets.xcassets in Resources */ = {isa = PBXBuildFile; fileRef = 14C72B732A69D8E6003FA965 /* Preview Assets.xcassets */; };
		14C72B7E2A69D8E6003FA965 /* DexterTests.swift in Sources */ = {isa = PBXBuildFile; fileRef = 14C72B7D2A69D8E6003FA965 /* DexterTests.swift */; };
		14C72B882A69D8E6003FA965 /* DexterUITests.swift in Sources */ = {isa = PBXBuildFile; fileRef = 14C72B872A69D8E6003FA965 /* DexterUITests.swift */; };
		14C72B8A2A69D8E6003FA965 /* DexterUITestsLaunchTests.swift in Sources */ = {isa = PBXBuildFile; fileRef = 14C72B892A69D8E6003FA965 /* DexterUITestsLaunchTests.swift */; };
		14DFAB912A6E3E4B00B364CA /* CachedAsyncImage in Frameworks */ = {isa = PBXBuildFile; productRef = 14DFAB902A6E3E4B00B364CA /* CachedAsyncImage */; };
		14E14CBA2A70895E00DDC0B3 /* TopNavView.swift in Sources */ = {isa = PBXBuildFile; fileRef = 14E14CB92A70895E00DDC0B3 /* TopNavView.swift */; };
		14E620E52A781D5300EC8CD0 /* APIEndpoint.swift in Sources */ = {isa = PBXBuildFile; fileRef = 14E620E42A781D5300EC8CD0 /* APIEndpoint.swift */; };
		14F1C56D2A6E0BBB00F5D64B /* APIService.swift in Sources */ = {isa = PBXBuildFile; fileRef = 14F1C56C2A6E0BBB00F5D64B /* APIService.swift */; };
		14F1C5702A6E0CF900F5D64B /* Pagination.swift in Sources */ = {isa = PBXBuildFile; fileRef = 14F1C56F2A6E0CF900F5D64B /* Pagination.swift */; };
		14F1C5722A6E0D8900F5D64B /* Utility.swift in Sources */ = {isa = PBXBuildFile; fileRef = 14F1C5712A6E0D8900F5D64B /* Utility.swift */; };
		14F1C5742A6E0E1100F5D64B /* PokeAPI.swift in Sources */ = {isa = PBXBuildFile; fileRef = 14F1C5732A6E0E1100F5D64B /* PokeAPI.swift */; };
/* End PBXBuildFile section */

/* Begin PBXContainerItemProxy section */
		14C72B7A2A69D8E6003FA965 /* PBXContainerItemProxy */ = {
			isa = PBXContainerItemProxy;
			containerPortal = 14C72B612A69D8E5003FA965 /* Project object */;
			proxyType = 1;
			remoteGlobalIDString = 14C72B682A69D8E5003FA965;
			remoteInfo = Dexter;
		};
		14C72B842A69D8E6003FA965 /* PBXContainerItemProxy */ = {
			isa = PBXContainerItemProxy;
			containerPortal = 14C72B612A69D8E5003FA965 /* Project object */;
			proxyType = 1;
			remoteGlobalIDString = 14C72B682A69D8E5003FA965;
			remoteInfo = Dexter;
		};
/* End PBXContainerItemProxy section */

/* Begin PBXFileReference section */
		140C80EE2A6EC6A700467998 /* Pokemon.swift */ = {isa = PBXFileReference; lastKnownFileType = sourcecode.swift; path = Pokemon.swift; sourceTree = "<group>"; };
		144AA80C2A6F7A71009F5ACF /* PkmnPokemon+Ext.swift */ = {isa = PBXFileReference; lastKnownFileType = sourcecode.swift; path = "PkmnPokemon+Ext.swift"; sourceTree = "<group>"; };
		145277DC2A6F5D9300F0F02D /* DexCellView.swift */ = {isa = PBXFileReference; lastKnownFileType = sourcecode.swift; path = DexCellView.swift; sourceTree = "<group>"; };
		145277DE2A6F5DB600F0F02D /* DexCellView+ViewModel.swift */ = {isa = PBXFileReference; lastKnownFileType = sourcecode.swift; path = "DexCellView+ViewModel.swift"; sourceTree = "<group>"; };
		1458F4742A6EE6F700BBBA18 /* PokemonSpriteView.swift */ = {isa = PBXFileReference; lastKnownFileType = sourcecode.swift; path = PokemonSpriteView.swift; sourceTree = "<group>"; };
		1465C9DC2A78336600B9A59F /* Types.swift */ = {isa = PBXFileReference; lastKnownFileType = sourcecode.swift; path = Types.swift; sourceTree = "<group>"; };
		14771D5E2A6E329F002C9B3B /* Games.swift */ = {isa = PBXFileReference; lastKnownFileType = sourcecode.swift; path = Games.swift; sourceTree = "<group>"; };
		14BB16982A6F4B21000F2A51 /* DexView.swift */ = {isa = PBXFileReference; lastKnownFileType = sourcecode.swift; path = DexView.swift; sourceTree = "<group>"; };
		14BB169A2A6F4B32000F2A51 /* DexView+ViewModel.swift */ = {isa = PBXFileReference; lastKnownFileType = sourcecode.swift; path = "DexView+ViewModel.swift"; sourceTree = "<group>"; };
		14BD053F2A6F1F5800187832 /* Nameable+Ext.swift */ = {isa = PBXFileReference; lastKnownFileType = sourcecode.swift; path = "Nameable+Ext.swift"; sourceTree = "<group>"; };
		14BD05432A6F215A00187832 /* Pokemon+Stubs.swift */ = {isa = PBXFileReference; lastKnownFileType = sourcecode.swift; path = "Pokemon+Stubs.swift"; sourceTree = "<group>"; };
		14C72B692A69D8E5003FA965 /* Dexter.app */ = {isa = PBXFileReference; explicitFileType = wrapper.application; includeInIndex = 0; path = Dexter.app; sourceTree = BUILT_PRODUCTS_DIR; };
		14C72B6C2A69D8E5003FA965 /* DexterApp.swift */ = {isa = PBXFileReference; lastKnownFileType = sourcecode.swift; path = DexterApp.swift; sourceTree = "<group>"; };
		14C72B6E2A69D8E5003FA965 /* ContentView.swift */ = {isa = PBXFileReference; lastKnownFileType = sourcecode.swift; path = ContentView.swift; sourceTree = "<group>"; };
		14C72B702A69D8E6003FA965 /* Assets.xcassets */ = {isa = PBXFileReference; lastKnownFileType = folder.assetcatalog; path = Assets.xcassets; sourceTree = "<group>"; };
		14C72B732A69D8E6003FA965 /* Preview Assets.xcassets */ = {isa = PBXFileReference; lastKnownFileType = folder.assetcatalog; path = "Preview Assets.xcassets"; sourceTree = "<group>"; };
		14C72B792A69D8E6003FA965 /* DexterTests.xctest */ = {isa = PBXFileReference; explicitFileType = wrapper.cfbundle; includeInIndex = 0; path = DexterTests.xctest; sourceTree = BUILT_PRODUCTS_DIR; };
		14C72B7D2A69D8E6003FA965 /* DexterTests.swift */ = {isa = PBXFileReference; lastKnownFileType = sourcecode.swift; path = DexterTests.swift; sourceTree = "<group>"; };
		14C72B832A69D8E6003FA965 /* DexterUITests.xctest */ = {isa = PBXFileReference; explicitFileType = wrapper.cfbundle; includeInIndex = 0; path = DexterUITests.xctest; sourceTree = BUILT_PRODUCTS_DIR; };
		14C72B872A69D8E6003FA965 /* DexterUITests.swift */ = {isa = PBXFileReference; lastKnownFileType = sourcecode.swift; path = DexterUITests.swift; sourceTree = "<group>"; };
		14C72B892A69D8E6003FA965 /* DexterUITestsLaunchTests.swift */ = {isa = PBXFileReference; lastKnownFileType = sourcecode.swift; path = DexterUITestsLaunchTests.swift; sourceTree = "<group>"; };
		14E14CB92A70895E00DDC0B3 /* TopNavView.swift */ = {isa = PBXFileReference; lastKnownFileType = sourcecode.swift; path = TopNavView.swift; sourceTree = "<group>"; };
		14E620E42A781D5300EC8CD0 /* APIEndpoint.swift */ = {isa = PBXFileReference; lastKnownFileType = sourcecode.swift; path = APIEndpoint.swift; sourceTree = "<group>"; };
		14F1C56C2A6E0BBB00F5D64B /* APIService.swift */ = {isa = PBXFileReference; lastKnownFileType = sourcecode.swift; path = APIService.swift; sourceTree = "<group>"; };
		14F1C56F2A6E0CF900F5D64B /* Pagination.swift */ = {isa = PBXFileReference; lastKnownFileType = sourcecode.swift; path = Pagination.swift; sourceTree = "<group>"; };
		14F1C5712A6E0D8900F5D64B /* Utility.swift */ = {isa = PBXFileReference; lastKnownFileType = sourcecode.swift; path = Utility.swift; sourceTree = "<group>"; };
		14F1C5732A6E0E1100F5D64B /* PokeAPI.swift */ = {isa = PBXFileReference; lastKnownFileType = sourcecode.swift; path = PokeAPI.swift; sourceTree = "<group>"; };
/* End PBXFileReference section */

/* Begin PBXFrameworksBuildPhase section */
		14C72B662A69D8E5003FA965 /* Frameworks */ = {
			isa = PBXFrameworksBuildPhase;
			buildActionMask = 2147483647;
			files = (
				14DFAB912A6E3E4B00B364CA /* CachedAsyncImage in Frameworks */,
			);
			runOnlyForDeploymentPostprocessing = 0;
		};
		14C72B762A69D8E6003FA965 /* Frameworks */ = {
			isa = PBXFrameworksBuildPhase;
			buildActionMask = 2147483647;
			files = (
			);
			runOnlyForDeploymentPostprocessing = 0;
		};
		14C72B802A69D8E6003FA965 /* Frameworks */ = {
			isa = PBXFrameworksBuildPhase;
			buildActionMask = 2147483647;
			files = (
			);
			runOnlyForDeploymentPostprocessing = 0;
		};
/* End PBXFrameworksBuildPhase section */

/* Begin PBXGroup section */
		144F4BA92A6EB74D00C6176E /* Views */ = {
			isa = PBXGroup;
			children = (
				14E14CB82A70895400DDC0B3 /* Nav */,
				14BB16972A6F4B1A000F2A51 /* Dex */,
				1458F4732A6EE6EE00BBBA18 /* Shared */,
			);
			path = Views;
			sourceTree = "<group>";
		};
		1458F4732A6EE6EE00BBBA18 /* Shared */ = {
			isa = PBXGroup;
			children = (
				1458F4742A6EE6F700BBBA18 /* PokemonSpriteView.swift */,
			);
			path = Shared;
			sourceTree = "<group>";
		};
		14BB16972A6F4B1A000F2A51 /* Dex */ = {
			isa = PBXGroup;
			children = (
				14BB16982A6F4B21000F2A51 /* DexView.swift */,
				14BB169A2A6F4B32000F2A51 /* DexView+ViewModel.swift */,
				145277DC2A6F5D9300F0F02D /* DexCellView.swift */,
				145277DE2A6F5DB600F0F02D /* DexCellView+ViewModel.swift */,
			);
			path = Dex;
			sourceTree = "<group>";
		};
		14BD053E2A6F1F5000187832 /* Extensions */ = {
			isa = PBXGroup;
			children = (
				14BD053F2A6F1F5800187832 /* Nameable+Ext.swift */,
				144AA80C2A6F7A71009F5ACF /* PkmnPokemon+Ext.swift */,
			);
			path = Extensions;
			sourceTree = "<group>";
		};
		14BD05452A6F216100187832 /* Stubs */ = {
			isa = PBXGroup;
			children = (
				14BD05432A6F215A00187832 /* Pokemon+Stubs.swift */,
			);
			path = Stubs;
			sourceTree = "<group>";
		};
		14C72B602A69D8E5003FA965 = {
			isa = PBXGroup;
			children = (
				14C72B6B2A69D8E5003FA965 /* Dexter */,
				14C72B7C2A69D8E6003FA965 /* DexterTests */,
				14C72B862A69D8E6003FA965 /* DexterUITests */,
				14C72B6A2A69D8E5003FA965 /* Products */,
			);
			sourceTree = "<group>";
		};
		14C72B6A2A69D8E5003FA965 /* Products */ = {
			isa = PBXGroup;
			children = (
				14C72B692A69D8E5003FA965 /* Dexter.app */,
				14C72B792A69D8E6003FA965 /* DexterTests.xctest */,
				14C72B832A69D8E6003FA965 /* DexterUITests.xctest */,
			);
			name = Products;
			sourceTree = "<group>";
		};
		14C72B6B2A69D8E5003FA965 /* Dexter */ = {
			isa = PBXGroup;
			children = (
				14C72B6E2A69D8E5003FA965 /* ContentView.swift */,
				14C72B6C2A69D8E5003FA965 /* DexterApp.swift */,
				14C72B702A69D8E6003FA965 /* Assets.xcassets */,
				14F1C56B2A6E0BB200F5D64B /* API */,
				14BD053E2A6F1F5000187832 /* Extensions */,
				14C72B722A69D8E6003FA965 /* Preview Content */,
				144F4BA92A6EB74D00C6176E /* Views */,
			);
			path = Dexter;
			sourceTree = "<group>";
		};
		14C72B722A69D8E6003FA965 /* Preview Content */ = {
			isa = PBXGroup;
			children = (
				14C72B732A69D8E6003FA965 /* Preview Assets.xcassets */,
			);
			path = "Preview Content";
			sourceTree = "<group>";
		};
		14C72B7C2A69D8E6003FA965 /* DexterTests */ = {
			isa = PBXGroup;
			children = (
				14C72B7D2A69D8E6003FA965 /* DexterTests.swift */,
			);
			path = DexterTests;
			sourceTree = "<group>";
		};
		14C72B862A69D8E6003FA965 /* DexterUITests */ = {
			isa = PBXGroup;
			children = (
				14C72B872A69D8E6003FA965 /* DexterUITests.swift */,
				14C72B892A69D8E6003FA965 /* DexterUITestsLaunchTests.swift */,
			);
			path = DexterUITests;
			sourceTree = "<group>";
		};
		14E14CB82A70895400DDC0B3 /* Nav */ = {
			isa = PBXGroup;
			children = (
				14E14CB92A70895E00DDC0B3 /* TopNavView.swift */,
			);
			path = Nav;
			sourceTree = "<group>";
		};
		14F1C56B2A6E0BB200F5D64B /* API */ = {
			isa = PBXGroup;
			children = (
				14BD05452A6F216100187832 /* Stubs */,
				14F1C5732A6E0E1100F5D64B /* PokeAPI.swift */,
				14F1C56E2A6E0CE500F5D64B /* Models */,
				14F1C56C2A6E0BBB00F5D64B /* APIService.swift */,
				14E620E42A781D5300EC8CD0 /* APIEndpoint.swift */,
			);
			path = API;
			sourceTree = "<group>";
		};
		14F1C56E2A6E0CE500F5D64B /* Models */ = {
			isa = PBXGroup;
			children = (
				14F1C56F2A6E0CF900F5D64B /* Pagination.swift */,
				14F1C5712A6E0D8900F5D64B /* Utility.swift */,
				14771D5E2A6E329F002C9B3B /* Games.swift */,
				140C80EE2A6EC6A700467998 /* Pokemon.swift */,
				1465C9DC2A78336600B9A59F /* Types.swift */,
			);
			path = Models;
			sourceTree = "<group>";
		};
/* End PBXGroup section */

/* Begin PBXNativeTarget section */
		14C72B682A69D8E5003FA965 /* Dexter */ = {
			isa = PBXNativeTarget;
			buildConfigurationList = 14C72B8D2A69D8E6003FA965 /* Build configuration list for PBXNativeTarget "Dexter" */;
			buildPhases = (
				14C72B652A69D8E5003FA965 /* Sources */,
				14C72B662A69D8E5003FA965 /* Frameworks */,
				14C72B672A69D8E5003FA965 /* Resources */,
			);
			buildRules = (
			);
			dependencies = (
			);
			name = Dexter;
			packageProductDependencies = (
				14DFAB902A6E3E4B00B364CA /* CachedAsyncImage */,
			);
			productName = Dexter;
			productReference = 14C72B692A69D8E5003FA965 /* Dexter.app */;
			productType = "com.apple.product-type.application";
		};
		14C72B782A69D8E6003FA965 /* DexterTests */ = {
			isa = PBXNativeTarget;
			buildConfigurationList = 14C72B902A69D8E6003FA965 /* Build configuration list for PBXNativeTarget "DexterTests" */;
			buildPhases = (
				14C72B752A69D8E6003FA965 /* Sources */,
				14C72B762A69D8E6003FA965 /* Frameworks */,
				14C72B772A69D8E6003FA965 /* Resources */,
			);
			buildRules = (
			);
			dependencies = (
				14C72B7B2A69D8E6003FA965 /* PBXTargetDependency */,
			);
			name = DexterTests;
			productName = DexterTests;
			productReference = 14C72B792A69D8E6003FA965 /* DexterTests.xctest */;
			productType = "com.apple.product-type.bundle.unit-test";
		};
		14C72B822A69D8E6003FA965 /* DexterUITests */ = {
			isa = PBXNativeTarget;
			buildConfigurationList = 14C72B932A69D8E6003FA965 /* Build configuration list for PBXNativeTarget "DexterUITests" */;
			buildPhases = (
				14C72B7F2A69D8E6003FA965 /* Sources */,
				14C72B802A69D8E6003FA965 /* Frameworks */,
				14C72B812A69D8E6003FA965 /* Resources */,
			);
			buildRules = (
			);
			dependencies = (
				14C72B852A69D8E6003FA965 /* PBXTargetDependency */,
			);
			name = DexterUITests;
			productName = DexterUITests;
			productReference = 14C72B832A69D8E6003FA965 /* DexterUITests.xctest */;
			productType = "com.apple.product-type.bundle.ui-testing";
		};
/* End PBXNativeTarget section */

/* Begin PBXProject section */
		14C72B612A69D8E5003FA965 /* Project object */ = {
			isa = PBXProject;
			attributes = {
				BuildIndependentTargetsInParallel = 1;
				LastSwiftUpdateCheck = 1430;
				LastUpgradeCheck = 1430;
				TargetAttributes = {
					14C72B682A69D8E5003FA965 = {
						CreatedOnToolsVersion = 14.3.1;
					};
					14C72B782A69D8E6003FA965 = {
						CreatedOnToolsVersion = 14.3.1;
						TestTargetID = 14C72B682A69D8E5003FA965;
					};
					14C72B822A69D8E6003FA965 = {
						CreatedOnToolsVersion = 14.3.1;
						TestTargetID = 14C72B682A69D8E5003FA965;
					};
				};
			};
			buildConfigurationList = 14C72B642A69D8E5003FA965 /* Build configuration list for PBXProject "Dexter" */;
			compatibilityVersion = "Xcode 14.0";
			developmentRegion = en;
			hasScannedForEncodings = 0;
			knownRegions = (
				en,
				Base,
			);
			mainGroup = 14C72B602A69D8E5003FA965;
			packageReferences = (
				14DFAB8F2A6E3E4B00B364CA /* XCRemoteSwiftPackageReference "swiftui-cached-async-image" */,
			);
			productRefGroup = 14C72B6A2A69D8E5003FA965 /* Products */;
			projectDirPath = "";
			projectRoot = "";
			targets = (
				14C72B682A69D8E5003FA965 /* Dexter */,
				14C72B782A69D8E6003FA965 /* DexterTests */,
				14C72B822A69D8E6003FA965 /* DexterUITests */,
			);
		};
/* End PBXProject section */

/* Begin PBXResourcesBuildPhase section */
		14C72B672A69D8E5003FA965 /* Resources */ = {
			isa = PBXResourcesBuildPhase;
			buildActionMask = 2147483647;
			files = (
				14C72B742A69D8E6003FA965 /* Preview Assets.xcassets in Resources */,
				14C72B712A69D8E6003FA965 /* Assets.xcassets in Resources */,
			);
			runOnlyForDeploymentPostprocessing = 0;
		};
		14C72B772A69D8E6003FA965 /* Resources */ = {
			isa = PBXResourcesBuildPhase;
			buildActionMask = 2147483647;
			files = (
			);
			runOnlyForDeploymentPostprocessing = 0;
		};
		14C72B812A69D8E6003FA965 /* Resources */ = {
			isa = PBXResourcesBuildPhase;
			buildActionMask = 2147483647;
			files = (
			);
			runOnlyForDeploymentPostprocessing = 0;
		};
/* End PBXResourcesBuildPhase section */

/* Begin PBXSourcesBuildPhase section */
		14C72B652A69D8E5003FA965 /* Sources */ = {
			isa = PBXSourcesBuildPhase;
			buildActionMask = 2147483647;
			files = (
				14BD05402A6F1F5800187832 /* Nameable+Ext.swift in Sources */,
				14E620E52A781D5300EC8CD0 /* APIEndpoint.swift in Sources */,
				144AA80D2A6F7A71009F5ACF /* PkmnPokemon+Ext.swift in Sources */,
				14E14CBA2A70895E00DDC0B3 /* TopNavView.swift in Sources */,
				1465C9DD2A78336600B9A59F /* Types.swift in Sources */,
				14C72B6F2A69D8E5003FA965 /* ContentView.swift in Sources */,
				14BD05442A6F215A00187832 /* Pokemon+Stubs.swift in Sources */,
				1458F4752A6EE6F700BBBA18 /* PokemonSpriteView.swift in Sources */,
				145277DD2A6F5D9300F0F02D /* DexCellView.swift in Sources */,
				14BB16992A6F4B21000F2A51 /* DexView.swift in Sources */,
				14F1C5742A6E0E1100F5D64B /* PokeAPI.swift in Sources */,
				14BB169B2A6F4B32000F2A51 /* DexView+ViewModel.swift in Sources */,
				14771D5F2A6E329F002C9B3B /* Games.swift in Sources */,
				14F1C5722A6E0D8900F5D64B /* Utility.swift in Sources */,
				140C80EF2A6EC6A700467998 /* Pokemon.swift in Sources */,
				14F1C5702A6E0CF900F5D64B /* Pagination.swift in Sources */,
				14F1C56D2A6E0BBB00F5D64B /* APIService.swift in Sources */,
				145277DF2A6F5DB600F0F02D /* DexCellView+ViewModel.swift in Sources */,
				14C72B6D2A69D8E5003FA965 /* DexterApp.swift in Sources */,
			);
			runOnlyForDeploymentPostprocessing = 0;
		};
		14C72B752A69D8E6003FA965 /* Sources */ = {
			isa = PBXSourcesBuildPhase;
			buildActionMask = 2147483647;
			files = (
				14C72B7E2A69D8E6003FA965 /* DexterTests.swift in Sources */,
			);
			runOnlyForDeploymentPostprocessing = 0;
		};
		14C72B7F2A69D8E6003FA965 /* Sources */ = {
			isa = PBXSourcesBuildPhase;
			buildActionMask = 2147483647;
			files = (
				14C72B8A2A69D8E6003FA965 /* DexterUITestsLaunchTests.swift in Sources */,
				14C72B882A69D8E6003FA965 /* DexterUITests.swift in Sources */,
			);
			runOnlyForDeploymentPostprocessing = 0;
		};
/* End PBXSourcesBuildPhase section */

/* Begin PBXTargetDependency section */
		14C72B7B2A69D8E6003FA965 /* PBXTargetDependency */ = {
			isa = PBXTargetDependency;
			target = 14C72B682A69D8E5003FA965 /* Dexter */;
			targetProxy = 14C72B7A2A69D8E6003FA965 /* PBXContainerItemProxy */;
		};
		14C72B852A69D8E6003FA965 /* PBXTargetDependency */ = {
			isa = PBXTargetDependency;
			target = 14C72B682A69D8E5003FA965 /* Dexter */;
			targetProxy = 14C72B842A69D8E6003FA965 /* PBXContainerItemProxy */;
		};
/* End PBXTargetDependency section */

/* Begin XCBuildConfiguration section */
		14C72B8B2A69D8E6003FA965 /* Debug */ = {
			isa = XCBuildConfiguration;
			buildSettings = {
				ALWAYS_SEARCH_USER_PATHS = NO;
				CLANG_ANALYZER_NONNULL = YES;
				CLANG_ANALYZER_NUMBER_OBJECT_CONVERSION = YES_AGGRESSIVE;
				CLANG_CXX_LANGUAGE_STANDARD = "gnu++20";
				CLANG_ENABLE_MODULES = YES;
				CLANG_ENABLE_OBJC_ARC = YES;
				CLANG_ENABLE_OBJC_WEAK = YES;
				CLANG_WARN_BLOCK_CAPTURE_AUTORELEASING = YES;
				CLANG_WARN_BOOL_CONVERSION = YES;
				CLANG_WARN_COMMA = YES;
				CLANG_WARN_CONSTANT_CONVERSION = YES;
				CLANG_WARN_DEPRECATED_OBJC_IMPLEMENTATIONS = YES;
				CLANG_WARN_DIRECT_OBJC_ISA_USAGE = YES_ERROR;
				CLANG_WARN_DOCUMENTATION_COMMENTS = YES;
				CLANG_WARN_EMPTY_BODY = YES;
				CLANG_WARN_ENUM_CONVERSION = YES;
				CLANG_WARN_INFINITE_RECURSION = YES;
				CLANG_WARN_INT_CONVERSION = YES;
				CLANG_WARN_NON_LITERAL_NULL_CONVERSION = YES;
				CLANG_WARN_OBJC_IMPLICIT_RETAIN_SELF = YES;
				CLANG_WARN_OBJC_LITERAL_CONVERSION = YES;
				CLANG_WARN_OBJC_ROOT_CLASS = YES_ERROR;
				CLANG_WARN_QUOTED_INCLUDE_IN_FRAMEWORK_HEADER = YES;
				CLANG_WARN_RANGE_LOOP_ANALYSIS = YES;
				CLANG_WARN_STRICT_PROTOTYPES = YES;
				CLANG_WARN_SUSPICIOUS_MOVE = YES;
				CLANG_WARN_UNGUARDED_AVAILABILITY = YES_AGGRESSIVE;
				CLANG_WARN_UNREACHABLE_CODE = YES;
				CLANG_WARN__DUPLICATE_METHOD_MATCH = YES;
				COPY_PHASE_STRIP = NO;
				DEBUG_INFORMATION_FORMAT = dwarf;
				ENABLE_STRICT_OBJC_MSGSEND = YES;
				ENABLE_TESTABILITY = YES;
				GCC_C_LANGUAGE_STANDARD = gnu11;
				GCC_DYNAMIC_NO_PIC = NO;
				GCC_NO_COMMON_BLOCKS = YES;
				GCC_OPTIMIZATION_LEVEL = 0;
				GCC_PREPROCESSOR_DEFINITIONS = (
					"DEBUG=1",
					"$(inherited)",
				);
				GCC_WARN_64_TO_32_BIT_CONVERSION = YES;
				GCC_WARN_ABOUT_RETURN_TYPE = YES_ERROR;
				GCC_WARN_UNDECLARED_SELECTOR = YES;
				GCC_WARN_UNINITIALIZED_AUTOS = YES_AGGRESSIVE;
				GCC_WARN_UNUSED_FUNCTION = YES;
				GCC_WARN_UNUSED_VARIABLE = YES;
				IPHONEOS_DEPLOYMENT_TARGET = 16.4;
				MTL_ENABLE_DEBUG_INFO = INCLUDE_SOURCE;
				MTL_FAST_MATH = YES;
				ONLY_ACTIVE_ARCH = YES;
				SDKROOT = iphoneos;
				SWIFT_ACTIVE_COMPILATION_CONDITIONS = DEBUG;
				SWIFT_OPTIMIZATION_LEVEL = "-Onone";
			};
			name = Debug;
		};
		14C72B8C2A69D8E6003FA965 /* Release */ = {
			isa = XCBuildConfiguration;
			buildSettings = {
				ALWAYS_SEARCH_USER_PATHS = NO;
				CLANG_ANALYZER_NONNULL = YES;
				CLANG_ANALYZER_NUMBER_OBJECT_CONVERSION = YES_AGGRESSIVE;
				CLANG_CXX_LANGUAGE_STANDARD = "gnu++20";
				CLANG_ENABLE_MODULES = YES;
				CLANG_ENABLE_OBJC_ARC = YES;
				CLANG_ENABLE_OBJC_WEAK = YES;
				CLANG_WARN_BLOCK_CAPTURE_AUTORELEASING = YES;
				CLANG_WARN_BOOL_CONVERSION = YES;
				CLANG_WARN_COMMA = YES;
				CLANG_WARN_CONSTANT_CONVERSION = YES;
				CLANG_WARN_DEPRECATED_OBJC_IMPLEMENTATIONS = YES;
				CLANG_WARN_DIRECT_OBJC_ISA_USAGE = YES_ERROR;
				CLANG_WARN_DOCUMENTATION_COMMENTS = YES;
				CLANG_WARN_EMPTY_BODY = YES;
				CLANG_WARN_ENUM_CONVERSION = YES;
				CLANG_WARN_INFINITE_RECURSION = YES;
				CLANG_WARN_INT_CONVERSION = YES;
				CLANG_WARN_NON_LITERAL_NULL_CONVERSION = YES;
				CLANG_WARN_OBJC_IMPLICIT_RETAIN_SELF = YES;
				CLANG_WARN_OBJC_LITERAL_CONVERSION = YES;
				CLANG_WARN_OBJC_ROOT_CLASS = YES_ERROR;
				CLANG_WARN_QUOTED_INCLUDE_IN_FRAMEWORK_HEADER = YES;
				CLANG_WARN_RANGE_LOOP_ANALYSIS = YES;
				CLANG_WARN_STRICT_PROTOTYPES = YES;
				CLANG_WARN_SUSPICIOUS_MOVE = YES;
				CLANG_WARN_UNGUARDED_AVAILABILITY = YES_AGGRESSIVE;
				CLANG_WARN_UNREACHABLE_CODE = YES;
				CLANG_WARN__DUPLICATE_METHOD_MATCH = YES;
				COPY_PHASE_STRIP = NO;
				DEBUG_INFORMATION_FORMAT = "dwarf-with-dsym";
				ENABLE_NS_ASSERTIONS = NO;
				ENABLE_STRICT_OBJC_MSGSEND = YES;
				GCC_C_LANGUAGE_STANDARD = gnu11;
				GCC_NO_COMMON_BLOCKS = YES;
				GCC_WARN_64_TO_32_BIT_CONVERSION = YES;
				GCC_WARN_ABOUT_RETURN_TYPE = YES_ERROR;
				GCC_WARN_UNDECLARED_SELECTOR = YES;
				GCC_WARN_UNINITIALIZED_AUTOS = YES_AGGRESSIVE;
				GCC_WARN_UNUSED_FUNCTION = YES;
				GCC_WARN_UNUSED_VARIABLE = YES;
				IPHONEOS_DEPLOYMENT_TARGET = 16.4;
				MTL_ENABLE_DEBUG_INFO = NO;
				MTL_FAST_MATH = YES;
				SDKROOT = iphoneos;
				SWIFT_COMPILATION_MODE = wholemodule;
				SWIFT_OPTIMIZATION_LEVEL = "-O";
				VALIDATE_PRODUCT = YES;
			};
			name = Release;
		};
		14C72B8E2A69D8E6003FA965 /* Debug */ = {
			isa = XCBuildConfiguration;
			buildSettings = {
				ASSETCATALOG_COMPILER_APPICON_NAME = AppIcon;
				ASSETCATALOG_COMPILER_GLOBAL_ACCENT_COLOR_NAME = AccentColor;
				CODE_SIGN_STYLE = Automatic;
				CURRENT_PROJECT_VERSION = 1;
				DEVELOPMENT_ASSET_PATHS = "\"Dexter/Preview Content\"";
				DEVELOPMENT_TEAM = LDXQSG7JAH;
				ENABLE_PREVIEWS = YES;
				GENERATE_INFOPLIST_FILE = YES;
				INFOPLIST_KEY_UIApplicationSceneManifest_Generation = YES;
				INFOPLIST_KEY_UIApplicationSupportsIndirectInputEvents = YES;
				INFOPLIST_KEY_UILaunchScreen_Generation = YES;
				INFOPLIST_KEY_UISupportedInterfaceOrientations_iPad = "UIInterfaceOrientationPortrait UIInterfaceOrientationPortraitUpsideDown UIInterfaceOrientationLandscapeLeft UIInterfaceOrientationLandscapeRight";
				INFOPLIST_KEY_UISupportedInterfaceOrientations_iPhone = "UIInterfaceOrientationPortrait UIInterfaceOrientationLandscapeLeft UIInterfaceOrientationLandscapeRight";
				LD_RUNPATH_SEARCH_PATHS = (
					"$(inherited)",
					"@executable_path/Frameworks",
				);
				MARKETING_VERSION = 1.0;
				PRODUCT_BUNDLE_IDENTIFIER = dev.seano.Dexter;
				PRODUCT_NAME = "$(TARGET_NAME)";
				SWIFT_EMIT_LOC_STRINGS = YES;
				SWIFT_VERSION = 5.0;
				TARGETED_DEVICE_FAMILY = "1,2";
			};
			name = Debug;
		};
		14C72B8F2A69D8E6003FA965 /* Release */ = {
			isa = XCBuildConfiguration;
			buildSettings = {
				ASSETCATALOG_COMPILER_APPICON_NAME = AppIcon;
				ASSETCATALOG_COMPILER_GLOBAL_ACCENT_COLOR_NAME = AccentColor;
				CODE_SIGN_STYLE = Automatic;
				CURRENT_PROJECT_VERSION = 1;
				DEVELOPMENT_ASSET_PATHS = "\"Dexter/Preview Content\"";
				DEVELOPMENT_TEAM = LDXQSG7JAH;
				ENABLE_PREVIEWS = YES;
				GENERATE_INFOPLIST_FILE = YES;
				INFOPLIST_KEY_UIApplicationSceneManifest_Generation = YES;
				INFOPLIST_KEY_UIApplicationSupportsIndirectInputEvents = YES;
				INFOPLIST_KEY_UILaunchScreen_Generation = YES;
				INFOPLIST_KEY_UISupportedInterfaceOrientations_iPad = "UIInterfaceOrientationPortrait UIInterfaceOrientationPortraitUpsideDown UIInterfaceOrientationLandscapeLeft UIInterfaceOrientationLandscapeRight";
				INFOPLIST_KEY_UISupportedInterfaceOrientations_iPhone = "UIInterfaceOrientationPortrait UIInterfaceOrientationLandscapeLeft UIInterfaceOrientationLandscapeRight";
				LD_RUNPATH_SEARCH_PATHS = (
					"$(inherited)",
					"@executable_path/Frameworks",
				);
				MARKETING_VERSION = 1.0;
				PRODUCT_BUNDLE_IDENTIFIER = dev.seano.Dexter;
				PRODUCT_NAME = "$(TARGET_NAME)";
				SWIFT_EMIT_LOC_STRINGS = YES;
				SWIFT_VERSION = 5.0;
				TARGETED_DEVICE_FAMILY = "1,2";
			};
			name = Release;
		};
		14C72B912A69D8E6003FA965 /* Debug */ = {
			isa = XCBuildConfiguration;
			buildSettings = {
				ALWAYS_EMBED_SWIFT_STANDARD_LIBRARIES = YES;
				BUNDLE_LOADER = "$(TEST_HOST)";
				CODE_SIGN_STYLE = Automatic;
				CURRENT_PROJECT_VERSION = 1;
				DEVELOPMENT_TEAM = LDXQSG7JAH;
				GENERATE_INFOPLIST_FILE = YES;
				IPHONEOS_DEPLOYMENT_TARGET = 16.4;
				MARKETING_VERSION = 1.0;
				PRODUCT_BUNDLE_IDENTIFIER = dev.seano.DexterTests;
				PRODUCT_NAME = "$(TARGET_NAME)";
				SWIFT_EMIT_LOC_STRINGS = NO;
				SWIFT_VERSION = 5.0;
				TARGETED_DEVICE_FAMILY = "1,2";
				TEST_HOST = "$(BUILT_PRODUCTS_DIR)/Dexter.app/$(BUNDLE_EXECUTABLE_FOLDER_PATH)/Dexter";
			};
			name = Debug;
		};
		14C72B922A69D8E6003FA965 /* Release */ = {
			isa = XCBuildConfiguration;
			buildSettings = {
				ALWAYS_EMBED_SWIFT_STANDARD_LIBRARIES = YES;
				BUNDLE_LOADER = "$(TEST_HOST)";
				CODE_SIGN_STYLE = Automatic;
				CURRENT_PROJECT_VERSION = 1;
				DEVELOPMENT_TEAM = LDXQSG7JAH;
				GENERATE_INFOPLIST_FILE = YES;
				IPHONEOS_DEPLOYMENT_TARGET = 16.4;
				MARKETING_VERSION = 1.0;
				PRODUCT_BUNDLE_IDENTIFIER = dev.seano.DexterTests;
				PRODUCT_NAME = "$(TARGET_NAME)";
				SWIFT_EMIT_LOC_STRINGS = NO;
				SWIFT_VERSION = 5.0;
				TARGETED_DEVICE_FAMILY = "1,2";
				TEST_HOST = "$(BUILT_PRODUCTS_DIR)/Dexter.app/$(BUNDLE_EXECUTABLE_FOLDER_PATH)/Dexter";
			};
			name = Release;
		};
		14C72B942A69D8E6003FA965 /* Debug */ = {
			isa = XCBuildConfiguration;
			buildSettings = {
				ALWAYS_EMBED_SWIFT_STANDARD_LIBRARIES = YES;
				CODE_SIGN_STYLE = Automatic;
				CURRENT_PROJECT_VERSION = 1;
				DEVELOPMENT_TEAM = LDXQSG7JAH;
				GENERATE_INFOPLIST_FILE = YES;
				MARKETING_VERSION = 1.0;
				PRODUCT_BUNDLE_IDENTIFIER = dev.seano.DexterUITests;
				PRODUCT_NAME = "$(TARGET_NAME)";
				SWIFT_EMIT_LOC_STRINGS = NO;
				SWIFT_VERSION = 5.0;
				TARGETED_DEVICE_FAMILY = "1,2";
				TEST_TARGET_NAME = Dexter;
			};
			name = Debug;
		};
		14C72B952A69D8E6003FA965 /* Release */ = {
			isa = XCBuildConfiguration;
			buildSettings = {
				ALWAYS_EMBED_SWIFT_STANDARD_LIBRARIES = YES;
				CODE_SIGN_STYLE = Automatic;
				CURRENT_PROJECT_VERSION = 1;
				DEVELOPMENT_TEAM = LDXQSG7JAH;
				GENERATE_INFOPLIST_FILE = YES;
				MARKETING_VERSION = 1.0;
				PRODUCT_BUNDLE_IDENTIFIER = dev.seano.DexterUITests;
				PRODUCT_NAME = "$(TARGET_NAME)";
				SWIFT_EMIT_LOC_STRINGS = NO;
				SWIFT_VERSION = 5.0;
				TARGETED_DEVICE_FAMILY = "1,2";
				TEST_TARGET_NAME = Dexter;
			};
			name = Release;
		};
/* End XCBuildConfiguration section */

/* Begin XCConfigurationList section */
		14C72B642A69D8E5003FA965 /* Build configuration list for PBXProject "Dexter" */ = {
			isa = XCConfigurationList;
			buildConfigurations = (
				14C72B8B2A69D8E6003FA965 /* Debug */,
				14C72B8C2A69D8E6003FA965 /* Release */,
			);
			defaultConfigurationIsVisible = 0;
			defaultConfigurationName = Release;
		};
		14C72B8D2A69D8E6003FA965 /* Build configuration list for PBXNativeTarget "Dexter" */ = {
			isa = XCConfigurationList;
			buildConfigurations = (
				14C72B8E2A69D8E6003FA965 /* Debug */,
				14C72B8F2A69D8E6003FA965 /* Release */,
			);
			defaultConfigurationIsVisible = 0;
			defaultConfigurationName = Release;
		};
		14C72B902A69D8E6003FA965 /* Build configuration list for PBXNativeTarget "DexterTests" */ = {
			isa = XCConfigurationList;
			buildConfigurations = (
				14C72B912A69D8E6003FA965 /* Debug */,
				14C72B922A69D8E6003FA965 /* Release */,
			);
			defaultConfigurationIsVisible = 0;
			defaultConfigurationName = Release;
		};
		14C72B932A69D8E6003FA965 /* Build configuration list for PBXNativeTarget "DexterUITests" */ = {
			isa = XCConfigurationList;
			buildConfigurations = (
				14C72B942A69D8E6003FA965 /* Debug */,
				14C72B952A69D8E6003FA965 /* Release */,
			);
			defaultConfigurationIsVisible = 0;
			defaultConfigurationName = Release;
		};
/* End XCConfigurationList section */

/* Begin XCRemoteSwiftPackageReference section */
		14DFAB8F2A6E3E4B00B364CA /* XCRemoteSwiftPackageReference "swiftui-cached-async-image" */ = {
			isa = XCRemoteSwiftPackageReference;
			repositoryURL = "https://github.com/lorenzofiamingo/swiftui-cached-async-image";
			requirement = {
				kind = upToNextMajorVersion;
				minimumVersion = 2.0.0;
			};
		};
/* End XCRemoteSwiftPackageReference section */

/* Begin XCSwiftPackageProductDependency section */
		14DFAB902A6E3E4B00B364CA /* CachedAsyncImage */ = {
			isa = XCSwiftPackageProductDependency;
			package = 14DFAB8F2A6E3E4B00B364CA /* XCRemoteSwiftPackageReference "swiftui-cached-async-image" */;
			productName = CachedAsyncImage;
		};
/* End XCSwiftPackageProductDependency section */
	};
	rootObject = 14C72B612A69D8E5003FA965 /* Project object */;
}
